
Microsoft Visual Studio Solution File, Format Version 12.00
# Visual Studio Version 16
VisualStudioVersion = 16.0.30413.136
MinimumVisualStudioVersion = 10.0.40219.1
Project("{FAE04EC0-301F-11D3-BF4B-00C04F79EFBC}") = "TextToPdf", "TextToPdf\TextToPdf.csproj", "{21B419B9-01BE-4E8D-BFD3-2FC75A2179D3}"
EndProject
Global
	GlobalSection(SolutionConfigurationPlatforms) = preSolution
		Debug|Any CPU = Debug|Any CPU
		Release|Any CPU = Release|Any CPU
	EndGlobalSection
	GlobalSection(ProjectConfigurationPlatforms) = postSolution
		{21B419B9-01BE-4E8D-BFD3-2FC75A2179D3}.Debug|Any CPU.ActiveCfg = Debug|Any CPU
		{21B419B9-01BE-4E8D-BFD3-2FC75A2179D3}.Debug|Any CPU.Build.0 = Debug|Any CPU
		{21B419B9-01BE-4E8D-BFD3-2FC75A2179D3}.Release|Any CPU.ActiveCfg = Release|Any CPU
		{21B419B9-01BE-4E8D-BFD3-2FC75A2179D3}.Release|Any CPU.Build.0 = Release|Any CPU
	EndGlobalSection
	GlobalSection(SolutionProperties) = preSolution
		HideSolutionNode = FALSE
	EndGlobalSection
	GlobalSection(ExtensibilityGlobals) = postSolution
		SolutionGuid = {C23CF302-682E-4776-AB3B-52DDE2735293}
	EndGlobalSection
EndGlobal
